<?xml version="1.0" encoding="utf-8"?>
<Project ToolsVersion="4.0" xmlns="http://schemas.microsoft.com/developer/msbuild/2003">
  <ItemGroup>
    <ClCompile Include="adler32.c" />
    <ClCompile Include="compress.c" />
    <ClCompile Include="crc32.c" />
    <ClCompile Include="deflate.c" />
    <ClCompile Include="gzclose.c" />
    <ClCompile Include="gzlib.c" />
    <ClCompile Include="gzread.c" />
    <ClCompile Include="gzwrite.c" />
    <ClCompile Include="infback.c" />
    <ClCompile Include="inffast.c" />
    <ClCompile Include="inflate.c" />
    <ClCompile Include="inftrees.c" />
    <ClCompile Include="trees.c" />
    <ClCompile Include="uncompr.c" />
    <ClCompile Include="zutil.c" />
  </ItemGroup>
  <ItemGroup>
    <Filter Include="Header Files">
      <UniqueIdentifier>{37404b97-87ce-48ee-b1ce-4743d1eebdc1}</UniqueIdentifier>
    </Filter>
    <Filter Include="Header Files\impl">
      <UniqueIdentifier>{0779e5b2-4d2f-4cf2-a651-131dd4466761}</UniqueIdentifier>
    </Filter>
    <Filter Include="Source Files">
      <UniqueIdentifier>{57d76db3-0d37-4937-acf7-afb4cd213ef0}</UniqueIdentifier>
    </Filter>
  </ItemGroup>
  <ItemGroup>
    <ClInclude Include=".\include\zlib.h" />
    <ClInclude Include="crc32.h" />
    <ClInclude Include="deflate.h" />
    <ClInclude Include="gzguts.h" />
    <ClInclude Include="inffast.h" />
    <ClInclude Include="inffixed.h" />
    <ClInclude Include="inflate.h" />
    <ClInclude Include="inftrees.h" />
    <ClInclude Include="trees.h" />
    <ClInclude Include="zutil.h" />
    <ClInclude Include="zlib.h">
      <Filter>Header Files</Filter>
    </ClInclude>
    <ClInclude Include="include\zconf.h">
      <Filter>Header Files</Filter>
    </ClInclude>
  </ItemGroup>
</Project>